
Microsoft Visual Studio Solution File, Format Version 12.00
# Visual Studio 15
VisualStudioVersion = 15.0.26730.12
MinimumVisualStudioVersion = 10.0.40219.1
Project("{9A19103F-16F7-4668-BE54-9A1E7A4F7556}") = "api", "api\api.csproj", "{C7D7B01A-BEA8-4B31-9FA0-B05F12287D36}"
EndProject
Project("{9A19103F-16F7-4668-BE54-9A1E7A4F7556}") = "auth", "auth\auth.csproj", "{A21F6BDC-3123-46E0-B174-C6852B5F0589}"
EndProject
Project("{FAE04EC0-301F-11D3-BF4B-00C04F79EFBC}") = "manager", "manager\manager.csproj", "{F6F8C401-4F8A-49EC-85CF-3D962F836463}"
EndProject
Project("{FAE04EC0-301F-11D3-BF4B-00C04F79EFBC}") = "Dal", "Dal\Dal.csproj", "{3487DFD4-51DB-4F04-9A74-CA05675039D6}"
EndProject
Project("{FAE04EC0-301F-11D3-BF4B-00C04F79EFBC}") = "Model", "Model\Model.csproj", "{DD74A051-EFD6-44B3-883C-F989E3F62115}"
EndProject
Project("{FAE04EC0-301F-11D3-BF4B-00C04F79EFBC}") = "Common", "Common\Common.csproj", "{ACA2582D-D046-4C0A-837E-C9FD96EBF382}"
EndProject
Global
	GlobalSection(SolutionConfigurationPlatforms) = preSolution
		Debug|Any CPU = Debug|Any CPU
		Release|Any CPU = Release|Any CPU
	EndGlobalSection
	GlobalSection(ProjectConfigurationPlatforms) = postSolution
		{C7D7B01A-BEA8-4B31-9FA0-B05F12287D36}.Debug|Any CPU.ActiveCfg = Debug|Any CPU
		{C7D7B01A-BEA8-4B31-9FA0-B05F12287D36}.Debug|Any CPU.Build.0 = Debug|Any CPU
		{C7D7B01A-BEA8-4B31-9FA0-B05F12287D36}.Release|Any CPU.ActiveCfg = Release|Any CPU
		{C7D7B01A-BEA8-4B31-9FA0-B05F12287D36}.Release|Any CPU.Build.0 = Release|Any CPU
		{A21F6BDC-3123-46E0-B174-C6852B5F0589}.Debug|Any CPU.ActiveCfg = Debug|Any CPU
		{A21F6BDC-3123-46E0-B174-C6852B5F0589}.Debug|Any CPU.Build.0 = Debug|Any CPU
		{A21F6BDC-3123-46E0-B174-C6852B5F0589}.Release|Any CPU.ActiveCfg = Release|Any CPU
		{A21F6BDC-3123-46E0-B174-C6852B5F0589}.Release|Any CPU.Build.0 = Release|Any CPU
		{F6F8C401-4F8A-49EC-85CF-3D962F836463}.Debug|Any CPU.ActiveCfg = Debug|Any CPU
		{F6F8C401-4F8A-49EC-85CF-3D962F836463}.Debug|Any CPU.Build.0 = Debug|Any CPU
		{F6F8C401-4F8A-49EC-85CF-3D962F836463}.Release|Any CPU.ActiveCfg = Release|Any CPU
		{F6F8C401-4F8A-49EC-85CF-3D962F836463}.Release|Any CPU.Build.0 = Release|Any CPU
		{3487DFD4-51DB-4F04-9A74-CA05675039D6}.Debug|Any CPU.ActiveCfg = Debug|Any CPU
		{3487DFD4-51DB-4F04-9A74-CA05675039D6}.Debug|Any CPU.Build.0 = Debug|Any CPU
		{3487DFD4-51DB-4F04-9A74-CA05675039D6}.Release|Any CPU.ActiveCfg = Release|Any CPU
		{3487DFD4-51DB-4F04-9A74-CA05675039D6}.Release|Any CPU.Build.0 = Release|Any CPU
		{DD74A051-EFD6-44B3-883C-F989E3F62115}.Debug|Any CPU.ActiveCfg = Debug|Any CPU
		{DD74A051-EFD6-44B3-883C-F989E3F62115}.Debug|Any CPU.Build.0 = Debug|Any CPU
		{DD74A051-EFD6-44B3-883C-F989E3F62115}.Release|Any CPU.ActiveCfg = Release|Any CPU
		{DD74A051-EFD6-44B3-883C-F989E3F62115}.Release|Any CPU.Build.0 = Release|Any CPU
		{ACA2582D-D046-4C0A-837E-C9FD96EBF382}.Debug|Any CPU.ActiveCfg = Debug|Any CPU
		{ACA2582D-D046-4C0A-837E-C9FD96EBF382}.Debug|Any CPU.Build.0 = Debug|Any CPU
		{ACA2582D-D046-4C0A-837E-C9FD96EBF382}.Release|Any CPU.ActiveCfg = Release|Any CPU
		{ACA2582D-D046-4C0A-837E-C9FD96EBF382}.Release|Any CPU.Build.0 = Release|Any CPU
	EndGlobalSection
	GlobalSection(SolutionProperties) = preSolution
		HideSolutionNode = FALSE
	EndGlobalSection
	GlobalSection(ExtensibilityGlobals) = postSolution
		SolutionGuid = {1BCFE3E9-86DD-41C9-80E6-A737A7E6EDBB}
	EndGlobalSection
EndGlobal
